{
  "name": "youtube-videoids",
  "version": "1.0.18",
  "lockfileVersion": 2,
  "requires": true,
  "packages": {
    "": {
      "name": "youtube-videoids",
      "version": "1.0.18",
      "license": "ISC",
      "dependencies": {
        "smallest": "^1.0.1"
      }
    },
    "node_modules/smallest": {
      "version": "1.0.1",
      "resolved": "https://registry.npmjs.org/smallest/-/smallest-1.0.1.tgz",
      "integrity": "sha512-iZqKflwrMMfQfMpu4wvHZJ1D4SODLtBjW9K3FSMMFg6nmh4Ksuo2NRWclVRi7INGbsH87EvuuiLtcM/0a1sikw==",
      "dependencies": {
        "to-array": "~0.1.4"
      }
    },
    "node_modules/to-array": {
      "version": "0.1.4",
      "resolved": "https://registry.npmjs.org/to-array/-/to-array-0.1.4.tgz",
      "integrity": "sha512-LhVdShQD/4Mk4zXNroIQZJC+Ap3zgLcDuwEdcmLv9CCO73NWockQDwyUnW/m8VX/EElfL6FcYx7EeutN4HJA6A=="
    }
  },
  "dependencies": {
    "smallest": {
      "version": "1.0.1",
      "resolved": "https://registry.npmjs.org/smallest/-/smallest-1.0.1.tgz",
      "integrity": "sha512-iZqKflwrMMfQfMpu4wvHZJ1D4SODLtBjW9K3FSMMFg6nmh4Ksuo2NRWclVRi7INGbsH87EvuuiLtcM/0a1sikw==",
      "requires": {
        "to-array": "~0.1.4"
      }
    },
    "to-array": {
      "version": "0.1.4",
      "resolved": "https://registry.npmjs.org/to-array/-/to-array-0.1.4.tgz",
      "integrity": "sha512-LhVdShQD/4Mk4zXNroIQZJC+Ap3zgLcDuwEdcmLv9CCO73NWockQDwyUnW/m8VX/EElfL6FcYx7EeutN4HJA6A=="
    }
  }
}
